
Microsoft Visual Studio Solution File, Format Version 12.00
# Visual Studio 2013
VisualStudioVersion = 12.0.21005.1
MinimumVisualStudioVersion = 10.0.40219.1
Project("{FAE04EC0-301F-11D3-BF4B-00C04F79EFBC}") = "D3arDiablo", "D3arDiablo\D3arDiablo.csproj", "{775AC9EF-F8CD-4AA8-AD47-6D1E0364DA74}"
EndProject
Project("{FAE04EC0-301F-11D3-BF4B-00C04F79EFBC}") = "D3arDiablo.Build", "D3arDiablo.Build\D3arDiablo.Build.csproj", "{0491E49E-5E9D-4D24-84C3-5642D7422FC4}"
EndProject
Project("{FAE04EC0-301F-11D3-BF4B-00C04F79EFBC}") = "D3arDiablo.Build.Test", "D3arDiablo.Build.Test\D3arDiablo.Build.Test.csproj", "{CC4E8061-EC59-440F-93CB-CD8059AFE3D6}"
EndProject
Project("{FAE04EC0-301F-11D3-BF4B-00C04F79EFBC}") = "D3arDiablo.Build.XML", "D3arDiablo.Build.XML\D3arDiablo.Build.XML.csproj", "{3D1C3801-8B34-49D1-A8F0-F1514EFFA097}"
EndProject
Project("{FAE04EC0-301F-11D3-BF4B-00C04F79EFBC}") = "D3arDiablo.Build.XML.Test", "D3arDiablo.Build.XML.Test\D3arDiablo.Build.XML.Test.csproj", "{14CB7F32-8078-474C-881C-FD344196C543}"
EndProject
Project("{FAE04EC0-301F-11D3-BF4B-00C04F79EFBC}") = "D3arDiablo.Storage", "D3arDiablo.Storage\D3arDiablo.Storage.csproj", "{047567A6-6AB7-495B-B7E5-FBBB7D9B4D31}"
EndProject
Project("{FAE04EC0-301F-11D3-BF4B-00C04F79EFBC}") = "D3arDiablo.Storage.Test", "D3arDiablo.Storage.Test\D3arDiablo.Storage.Test.csproj", "{2462B854-DB9A-444D-A5C1-D136BFDFF9AF}"
EndProject
Project("{FAE04EC0-301F-11D3-BF4B-00C04F79EFBC}") = "D3arDiablo.Settings", "D3arDiablo.Settings\D3arDiablo.Settings.csproj", "{03A21D00-66AB-4B5F-9F7A-55885C077129}"
EndProject
Project("{FAE04EC0-301F-11D3-BF4B-00C04F79EFBC}") = "D3arDiablo.Settings.Test", "D3arDiablo.Settings.Test\D3arDiablo.Settings.Test.csproj", "{31293CFF-996C-4864-98F2-40BDD1DD0081}"
EndProject
Project("{FAE04EC0-301F-11D3-BF4B-00C04F79EFBC}") = "D3arDiablo.ViewModel.Test", "D3arDiablo.ViewModel.Test\D3arDiablo.ViewModel.Test.csproj", "{129727C0-68AF-4E76-9A9D-1F690944C3BE}"
EndProject
Project("{FAE04EC0-301F-11D3-BF4B-00C04F79EFBC}") = "D3arDiablo.BattleNet", "D3arDiablo.BattleNet\D3arDiablo.BattleNet.csproj", "{099CFD53-54CB-4DE9-8839-7A9BFD5120BF}"
EndProject
Project("{FAE04EC0-301F-11D3-BF4B-00C04F79EFBC}") = "D3arDiablo.BattleNet.Test", "D3arDiablo.BattleNet.Test\D3arDiablo.BattleNet.Test.csproj", "{7E9AFDA4-9A33-4AF0-A7E0-762AC5955CAC}"
EndProject
Global
	GlobalSection(SolutionConfigurationPlatforms) = preSolution
		Debug|Any CPU = Debug|Any CPU
		Release|Any CPU = Release|Any CPU
	EndGlobalSection
	GlobalSection(ProjectConfigurationPlatforms) = postSolution
		{775AC9EF-F8CD-4AA8-AD47-6D1E0364DA74}.Debug|Any CPU.ActiveCfg = Debug|Any CPU
		{775AC9EF-F8CD-4AA8-AD47-6D1E0364DA74}.Debug|Any CPU.Build.0 = Debug|Any CPU
		{775AC9EF-F8CD-4AA8-AD47-6D1E0364DA74}.Release|Any CPU.ActiveCfg = Release|Any CPU
		{775AC9EF-F8CD-4AA8-AD47-6D1E0364DA74}.Release|Any CPU.Build.0 = Release|Any CPU
		{0491E49E-5E9D-4D24-84C3-5642D7422FC4}.Debug|Any CPU.ActiveCfg = Debug|Any CPU
		{0491E49E-5E9D-4D24-84C3-5642D7422FC4}.Debug|Any CPU.Build.0 = Debug|Any CPU
		{0491E49E-5E9D-4D24-84C3-5642D7422FC4}.Release|Any CPU.ActiveCfg = Release|Any CPU
		{0491E49E-5E9D-4D24-84C3-5642D7422FC4}.Release|Any CPU.Build.0 = Release|Any CPU
		{CC4E8061-EC59-440F-93CB-CD8059AFE3D6}.Debug|Any CPU.ActiveCfg = Debug|Any CPU
		{CC4E8061-EC59-440F-93CB-CD8059AFE3D6}.Debug|Any CPU.Build.0 = Debug|Any CPU
		{CC4E8061-EC59-440F-93CB-CD8059AFE3D6}.Release|Any CPU.ActiveCfg = Release|Any CPU
		{CC4E8061-EC59-440F-93CB-CD8059AFE3D6}.Release|Any CPU.Build.0 = Release|Any CPU
		{3D1C3801-8B34-49D1-A8F0-F1514EFFA097}.Debug|Any CPU.ActiveCfg = Debug|Any CPU
		{3D1C3801-8B34-49D1-A8F0-F1514EFFA097}.Debug|Any CPU.Build.0 = Debug|Any CPU
		{3D1C3801-8B34-49D1-A8F0-F1514EFFA097}.Release|Any CPU.ActiveCfg = Release|Any CPU
		{3D1C3801-8B34-49D1-A8F0-F1514EFFA097}.Release|Any CPU.Build.0 = Release|Any CPU
		{14CB7F32-8078-474C-881C-FD344196C543}.Debug|Any CPU.ActiveCfg = Debug|Any CPU
		{14CB7F32-8078-474C-881C-FD344196C543}.Debug|Any CPU.Build.0 = Debug|Any CPU
		{14CB7F32-8078-474C-881C-FD344196C543}.Release|Any CPU.ActiveCfg = Release|Any CPU
		{14CB7F32-8078-474C-881C-FD344196C543}.Release|Any CPU.Build.0 = Release|Any CPU
		{047567A6-6AB7-495B-B7E5-FBBB7D9B4D31}.Debug|Any CPU.ActiveCfg = Debug|Any CPU
		{047567A6-6AB7-495B-B7E5-FBBB7D9B4D31}.Debug|Any CPU.Build.0 = Debug|Any CPU
		{047567A6-6AB7-495B-B7E5-FBBB7D9B4D31}.Release|Any CPU.ActiveCfg = Release|Any CPU
		{047567A6-6AB7-495B-B7E5-FBBB7D9B4D31}.Release|Any CPU.Build.0 = Release|Any CPU
		{2462B854-DB9A-444D-A5C1-D136BFDFF9AF}.Debug|Any CPU.ActiveCfg = Debug|Any CPU
		{2462B854-DB9A-444D-A5C1-D136BFDFF9AF}.Debug|Any CPU.Build.0 = Debug|Any CPU
		{2462B854-DB9A-444D-A5C1-D136BFDFF9AF}.Release|Any CPU.ActiveCfg = Release|Any CPU
		{2462B854-DB9A-444D-A5C1-D136BFDFF9AF}.Release|Any CPU.Build.0 = Release|Any CPU
		{03A21D00-66AB-4B5F-9F7A-55885C077129}.Debug|Any CPU.ActiveCfg = Debug|Any CPU
		{03A21D00-66AB-4B5F-9F7A-55885C077129}.Debug|Any CPU.Build.0 = Debug|Any CPU
		{03A21D00-66AB-4B5F-9F7A-55885C077129}.Release|Any CPU.ActiveCfg = Release|Any CPU
		{03A21D00-66AB-4B5F-9F7A-55885C077129}.Release|Any CPU.Build.0 = Release|Any CPU
		{31293CFF-996C-4864-98F2-40BDD1DD0081}.Debug|Any CPU.ActiveCfg = Debug|Any CPU
		{31293CFF-996C-4864-98F2-40BDD1DD0081}.Debug|Any CPU.Build.0 = Debug|Any CPU
		{31293CFF-996C-4864-98F2-40BDD1DD0081}.Release|Any CPU.ActiveCfg = Release|Any CPU
		{31293CFF-996C-4864-98F2-40BDD1DD0081}.Release|Any CPU.Build.0 = Release|Any CPU
		{129727C0-68AF-4E76-9A9D-1F690944C3BE}.Debug|Any CPU.ActiveCfg = Debug|Any CPU
		{129727C0-68AF-4E76-9A9D-1F690944C3BE}.Debug|Any CPU.Build.0 = Debug|Any CPU
		{129727C0-68AF-4E76-9A9D-1F690944C3BE}.Release|Any CPU.ActiveCfg = Release|Any CPU
		{129727C0-68AF-4E76-9A9D-1F690944C3BE}.Release|Any CPU.Build.0 = Release|Any CPU
		{099CFD53-54CB-4DE9-8839-7A9BFD5120BF}.Debug|Any CPU.ActiveCfg = Debug|Any CPU
		{099CFD53-54CB-4DE9-8839-7A9BFD5120BF}.Debug|Any CPU.Build.0 = Debug|Any CPU
		{099CFD53-54CB-4DE9-8839-7A9BFD5120BF}.Release|Any CPU.ActiveCfg = Release|Any CPU
		{099CFD53-54CB-4DE9-8839-7A9BFD5120BF}.Release|Any CPU.Build.0 = Release|Any CPU
		{7E9AFDA4-9A33-4AF0-A7E0-762AC5955CAC}.Debug|Any CPU.ActiveCfg = Debug|Any CPU
		{7E9AFDA4-9A33-4AF0-A7E0-762AC5955CAC}.Debug|Any CPU.Build.0 = Debug|Any CPU
		{7E9AFDA4-9A33-4AF0-A7E0-762AC5955CAC}.Release|Any CPU.ActiveCfg = Release|Any CPU
		{7E9AFDA4-9A33-4AF0-A7E0-762AC5955CAC}.Release|Any CPU.Build.0 = Release|Any CPU
	EndGlobalSection
	GlobalSection(SolutionProperties) = preSolution
		HideSolutionNode = FALSE
	EndGlobalSection
EndGlobal
